# THIS IS AN AUTOGENERATED FILE. DO NOT EDIT THIS FILE DIRECTLY.
# yarn lockfile v1


swagger-ui-dist@^3.20.3:
  version "3.20.3"
  resolved "https://registry.yarnpkg.com/swagger-ui-dist/-/swagger-ui-dist-3.20.3.tgz#e099a02572c360abe1c8892beb85ff685f1c8e6b"
  integrity sha512-2O+uWBROdj7WLIIWabJe8TlQJiGgr96rmayPzp+pek/iIcUYoqKG+0icJL09Z9bZAAk3nWOTjTwU53XmjtCN7w==
