# THIS IS AN AUTOGENERATED FILE. DO NOT EDIT THIS FILE DIRECTLY.
# yarn lockfile v1


swagger-ui-dist@^4.1.0:
  version "4.1.0"
  resolved "https://registry.yarnpkg.com/swagger-ui-dist/-/swagger-ui-dist-4.1.0.tgz#aefd880ae2bb484d3751e29751ed384b88fe4b09"
  integrity sha512-NVyDW2Rl0mLh1d44h/VN4beEzbopRQ2sujTmP25peBcCt9AGB96bF4fCUBF4+28KgeGxQfQcZiEfFv/1CyigbA==
