# THIS IS AN AUTOGENERATED FILE. DO NOT EDIT THIS FILE DIRECTLY.
# yarn lockfile v1


"swagger-ui-dist@^4.14.0":
  "integrity" "sha512-TBzhheU15s+o54Cgk9qxuYcZMiqSm/SkvKnapoGHOF66kz0Y5aGjpzj5BT/vpBbn6rTPJ9tUYXQxuDWfsjiGMw=="
  "resolved" "https://registry.npmjs.org/swagger-ui-dist/-/swagger-ui-dist-4.14.0.tgz"
  "version" "4.14.0"
